
Microsoft Visual Studio Solution File, Format Version 12.00
# Visual Studio Version 17
VisualStudioVersion = 17.13.35828.75 d17.13
MinimumVisualStudioVersion = 10.0.40219.1
Project("{FAE04EC0-301F-11D3-BF4B-00C04F79EFBC}") = "Magical_Music", "Magical_Music\Magical_Music.csproj", "{A5617D30-8E33-4FBA-AFBD-49B075FDF3A3}"
EndProject
Global
	GlobalSection(SolutionConfigurationPlatforms) = preSolution
		Debug|Any CPU = Debug|Any CPU
		Release|Any CPU = Release|Any CPU
	EndGlobalSection
	GlobalSection(ProjectConfigurationPlatforms) = postSolution
		{A5617D30-8E33-4FBA-AFBD-49B075FDF3A3}.Debug|Any CPU.ActiveCfg = Debug|Any CPU
		{A5617D30-8E33-4FBA-AFBD-49B075FDF3A3}.Debug|Any CPU.Build.0 = Debug|Any CPU
		{A5617D30-8E33-4FBA-AFBD-49B075FDF3A3}.Release|Any CPU.ActiveCfg = Release|Any CPU
		{A5617D30-8E33-4FBA-AFBD-49B075FDF3A3}.Release|Any CPU.Build.0 = Release|Any CPU
	EndGlobalSection
	GlobalSection(SolutionProperties) = preSolution
		HideSolutionNode = FALSE
	EndGlobalSection
	GlobalSection(ExtensibilityGlobals) = postSolution
		SolutionGuid = {3EEFCAD9-D531-4982-A10E-2A2DD62D3A35}
	EndGlobalSection
EndGlobal
